
Microsoft Visual Studio Solution File, Format Version 12.00
# Visual Studio Version 17
VisualStudioVersion = 17.9.34616.47
MinimumVisualStudioVersion = 10.0.40219.1
Project("{FAE04EC0-301F-11D3-BF4B-00C04F79EFBC}") = "FieldConcept", "FieldConcept\FieldConcept.csproj", "{CCADAF9B-92BA-489A-9542-CD669426FD9E}"
EndProject
Project("{FAE04EC0-301F-11D3-BF4B-00C04F79EFBC}") = "ClassLibrary1", "ClassLibrary1\ClassLibrary1.csproj", "{A4FC2E69-C857-4D03-8D77-A92164745F03}"
EndProject
Global
	GlobalSection(SolutionConfigurationPlatforms) = preSolution
		Debug|Any CPU = Debug|Any CPU
		Release|Any CPU = Release|Any CPU
	EndGlobalSection
	GlobalSection(ProjectConfigurationPlatforms) = postSolution
		{CCADAF9B-92BA-489A-9542-CD669426FD9E}.Debug|Any CPU.ActiveCfg = Debug|Any CPU
		{CCADAF9B-92BA-489A-9542-CD669426FD9E}.Debug|Any CPU.Build.0 = Debug|Any CPU
		{CCADAF9B-92BA-489A-9542-CD669426FD9E}.Release|Any CPU.ActiveCfg = Release|Any CPU
		{CCADAF9B-92BA-489A-9542-CD669426FD9E}.Release|Any CPU.Build.0 = Release|Any CPU
		{A4FC2E69-C857-4D03-8D77-A92164745F03}.Debug|Any CPU.ActiveCfg = Debug|Any CPU
		{A4FC2E69-C857-4D03-8D77-A92164745F03}.Debug|Any CPU.Build.0 = Debug|Any CPU
		{A4FC2E69-C857-4D03-8D77-A92164745F03}.Release|Any CPU.ActiveCfg = Release|Any CPU
		{A4FC2E69-C857-4D03-8D77-A92164745F03}.Release|Any CPU.Build.0 = Release|Any CPU
	EndGlobalSection
	GlobalSection(SolutionProperties) = preSolution
		HideSolutionNode = FALSE
	EndGlobalSection
	GlobalSection(ExtensibilityGlobals) = postSolution
		SolutionGuid = {E067CC10-1D96-4BBD-8765-DC9FE8919B24}
	EndGlobalSection
EndGlobal
